
Microsoft Visual Studio Solution File, Format Version 12.00
# Visual Studio Version 17
VisualStudioVersion = 17.5.33516.290
MinimumVisualStudioVersion = 10.0.40219.1
Project("{FAE04EC0-301F-11D3-BF4B-00C04F79EFBC}") = "ClassLibraryTree", "ClassLibraryTree\ClassLibraryTree.csproj", "{F39119E2-393D-467C-A1CC-08941F73DD40}"
EndProject
Project("{FAE04EC0-301F-11D3-BF4B-00C04F79EFBC}") = "ConsoleAppTree", "ConsoleAppTree\ConsoleAppTree.csproj", "{02BCD954-CDC3-4A18-8D7E-66267A41228C}"
EndProject
Global
	GlobalSection(SolutionConfigurationPlatforms) = preSolution
		Debug|Any CPU = Debug|Any CPU
		Release|Any CPU = Release|Any CPU
	EndGlobalSection
	GlobalSection(ProjectConfigurationPlatforms) = postSolution
		{F39119E2-393D-467C-A1CC-08941F73DD40}.Debug|Any CPU.ActiveCfg = Debug|Any CPU
		{F39119E2-393D-467C-A1CC-08941F73DD40}.Debug|Any CPU.Build.0 = Debug|Any CPU
		{F39119E2-393D-467C-A1CC-08941F73DD40}.Release|Any CPU.ActiveCfg = Release|Any CPU
		{F39119E2-393D-467C-A1CC-08941F73DD40}.Release|Any CPU.Build.0 = Release|Any CPU
		{02BCD954-CDC3-4A18-8D7E-66267A41228C}.Debug|Any CPU.ActiveCfg = Debug|Any CPU
		{02BCD954-CDC3-4A18-8D7E-66267A41228C}.Debug|Any CPU.Build.0 = Debug|Any CPU
		{02BCD954-CDC3-4A18-8D7E-66267A41228C}.Release|Any CPU.ActiveCfg = Release|Any CPU
		{02BCD954-CDC3-4A18-8D7E-66267A41228C}.Release|Any CPU.Build.0 = Release|Any CPU
	EndGlobalSection
	GlobalSection(SolutionProperties) = preSolution
		HideSolutionNode = FALSE
	EndGlobalSection
	GlobalSection(ExtensibilityGlobals) = postSolution
		SolutionGuid = {C0EBD7DB-D990-46DD-8DFE-CD5761D3E4EE}
	EndGlobalSection
EndGlobal
